
Microsoft Visual Studio Solution File, Format Version 12.00
# Visual Studio Version 17
VisualStudioVersion = 17.7.34031.279
MinimumVisualStudioVersion = 10.0.40219.1
Project("{2150E333-8FDC-42A3-9474-1A3956D46DE8}") = "src", "src", "{2AC9EB1E-8876-48C3-9FE2-2B672FD08E9B}"
EndProject
Project("{2150E333-8FDC-42A3-9474-1A3956D46DE8}") = "WHT", "WHT", "{867ADDF8-61EF-4630-B21A-9BDC477D4610}"
EndProject
Project("{FAE04EC0-301F-11D3-BF4B-00C04F79EFBC}") = "AdmissionalRegisterService", "src\WHT\AdmissionalRegistration\AdmissionalRegisterService\AdmissionalRegisterService.csproj", "{0B29293B-AEFA-4B56-9E40-6DCC691A2889}"
EndProject
Project("{FAE04EC0-301F-11D3-BF4B-00C04F79EFBC}") = "AdmissionalRegistration.Application", "src\WHT\AdmissionalRegistration\AdmissionalRegistration.Application\AdmissionalRegistration.Application.csproj", "{5B1D2757-88D7-4CD7-8835-DE9C587DFDEC}"
EndProject
Global
	GlobalSection(SolutionConfigurationPlatforms) = preSolution
		Debug|Any CPU = Debug|Any CPU
		Release|Any CPU = Release|Any CPU
	EndGlobalSection
	GlobalSection(ProjectConfigurationPlatforms) = postSolution
		{0B29293B-AEFA-4B56-9E40-6DCC691A2889}.Debug|Any CPU.ActiveCfg = Debug|Any CPU
		{0B29293B-AEFA-4B56-9E40-6DCC691A2889}.Debug|Any CPU.Build.0 = Debug|Any CPU
		{0B29293B-AEFA-4B56-9E40-6DCC691A2889}.Release|Any CPU.ActiveCfg = Release|Any CPU
		{0B29293B-AEFA-4B56-9E40-6DCC691A2889}.Release|Any CPU.Build.0 = Release|Any CPU
		{5B1D2757-88D7-4CD7-8835-DE9C587DFDEC}.Debug|Any CPU.ActiveCfg = Debug|Any CPU
		{5B1D2757-88D7-4CD7-8835-DE9C587DFDEC}.Debug|Any CPU.Build.0 = Debug|Any CPU
		{5B1D2757-88D7-4CD7-8835-DE9C587DFDEC}.Release|Any CPU.ActiveCfg = Release|Any CPU
		{5B1D2757-88D7-4CD7-8835-DE9C587DFDEC}.Release|Any CPU.Build.0 = Release|Any CPU
	EndGlobalSection
	GlobalSection(SolutionProperties) = preSolution
		HideSolutionNode = FALSE
	EndGlobalSection
	GlobalSection(NestedProjects) = preSolution
		{867ADDF8-61EF-4630-B21A-9BDC477D4610} = {2AC9EB1E-8876-48C3-9FE2-2B672FD08E9B}
		{0B29293B-AEFA-4B56-9E40-6DCC691A2889} = {867ADDF8-61EF-4630-B21A-9BDC477D4610}
		{5B1D2757-88D7-4CD7-8835-DE9C587DFDEC} = {867ADDF8-61EF-4630-B21A-9BDC477D4610}
	EndGlobalSection
EndGlobal
