
Microsoft Visual Studio Solution File, Format Version 12.00
# Visual Studio 15
VisualStudioVersion = 15.0.28010.2026
MinimumVisualStudioVersion = 10.0.40219.1
Project("{9A19103F-16F7-4668-BE54-9A1E7A4F7556}") = "BackboneRest.Application", "BackboneRest\BackboneRest.Application.csproj", "{0745AC63-4882-4743-9FC1-DFD39D941655}"
EndProject
Global
	GlobalSection(SolutionConfigurationPlatforms) = preSolution
		Debug|Any CPU = Debug|Any CPU
		Release|Any CPU = Release|Any CPU
	EndGlobalSection
	GlobalSection(ProjectConfigurationPlatforms) = postSolution
		{0745AC63-4882-4743-9FC1-DFD39D941655}.Debug|Any CPU.ActiveCfg = Debug|Any CPU
		{0745AC63-4882-4743-9FC1-DFD39D941655}.Debug|Any CPU.Build.0 = Debug|Any CPU
		{0745AC63-4882-4743-9FC1-DFD39D941655}.Release|Any CPU.ActiveCfg = Release|Any CPU
		{0745AC63-4882-4743-9FC1-DFD39D941655}.Release|Any CPU.Build.0 = Release|Any CPU
	EndGlobalSection
	GlobalSection(SolutionProperties) = preSolution
		HideSolutionNode = FALSE
	EndGlobalSection
	GlobalSection(ExtensibilityGlobals) = postSolution
		SolutionGuid = {972DA05C-7ADB-4DE1-8146-DE3950951FD7}
	EndGlobalSection
EndGlobal
