
Microsoft Visual Studio Solution File, Format Version 12.00
# Visual Studio 15
VisualStudioVersion = 15.0.28307.168
MinimumVisualStudioVersion = 10.0.40219.1
Project("{FAE04EC0-301F-11D3-BF4B-00C04F79EFBC}") = "BatimentoStone", "BatimentoStone\BatimentoStone.csproj", "{686E40D1-9457-4A2F-A34A-29F3BEB5ABD8}"
EndProject
Global
	GlobalSection(SolutionConfigurationPlatforms) = preSolution
		Debug|Any CPU = Debug|Any CPU
		Release|Any CPU = Release|Any CPU
	EndGlobalSection
	GlobalSection(ProjectConfigurationPlatforms) = postSolution
		{686E40D1-9457-4A2F-A34A-29F3BEB5ABD8}.Debug|Any CPU.ActiveCfg = Debug|Any CPU
		{686E40D1-9457-4A2F-A34A-29F3BEB5ABD8}.Debug|Any CPU.Build.0 = Debug|Any CPU
		{686E40D1-9457-4A2F-A34A-29F3BEB5ABD8}.Release|Any CPU.ActiveCfg = Release|Any CPU
		{686E40D1-9457-4A2F-A34A-29F3BEB5ABD8}.Release|Any CPU.Build.0 = Release|Any CPU
	EndGlobalSection
	GlobalSection(SolutionProperties) = preSolution
		HideSolutionNode = FALSE
	EndGlobalSection
	GlobalSection(ExtensibilityGlobals) = postSolution
		SolutionGuid = {D336EB98-3CBF-4499-9144-10F649EBABB8}
	EndGlobalSection
EndGlobal
