
Microsoft Visual Studio Solution File, Format Version 12.00
# Visual Studio Version 17
VisualStudioVersion = 17.0.31903.59
MinimumVisualStudioVersion = 10.0.40219.1
Project("{2150E333-8FDC-42A3-9474-1A3956D46DE8}") = "src", "src", "{17D2764D-E903-4F5A-A743-4AD49FA62C7D}"
EndProject
Project("{2150E333-8FDC-42A3-9474-1A3956D46DE8}") = "Modules", "Modules", "{5C990868-E0B0-4994-ACA0-9CA69A202757}"
EndProject
Project("{2150E333-8FDC-42A3-9474-1A3956D46DE8}") = "Infrastructure", "Infrastructure", "{771BB9FD-3E28-415A-9F88-06882D2477AB}"
EndProject
Project("{9A19103F-16F7-4668-BE54-9A1E7A4F7556}") = "CloudSuite.Infrastructure", "src\Infrastructure\CloudSuite.Infrastructure\CloudSuite.Infrastructure.csproj", "{38D5710B-77C0-491F-926D-D460FEFCD384}"
EndProject
Project("{9A19103F-16F7-4668-BE54-9A1E7A4F7556}") = "CloudSuite.Infrastructure.CrossCutting", "src\Infrastructure\CloudSuite.Infrastructure.CrossCutting\CloudSuite.Infrastructure.CrossCutting.csproj", "{1BC6F06F-8EE8-4079-A6FA-8C952F3A6302}"
EndProject
Project("{9A19103F-16F7-4668-BE54-9A1E7A4F7556}") = "CloudSuite.Modules.Common", "src\Modules\CloudSuite.Modules.Common\CloudSuite.Modules.Common.csproj", "{D95D3C95-2488-4FD2-A310-77C6C5550DA9}"
EndProject
Project("{2150E333-8FDC-42A3-9474-1A3956D46DE8}") = "test", "test", "{6497CB00-5E25-4DE4-AEBA-3CE2916AF27E}"
EndProject
Project("{9A19103F-16F7-4668-BE54-9A1E7A4F7556}") = "CloudSuite.Modules.Cora.Tests", "test\CloudSuite.Modules.Cora.Tests\CloudSuite.Modules.Cora.Tests.csproj", "{B45DD065-07B2-45EB-8049-1BEF7D4B094A}"
EndProject
Project("{9A19103F-16F7-4668-BE54-9A1E7A4F7556}") = "CloudSuite.Modules.Cora", "src\Modules\CloudSuite.Modules.Cora\CloudSuite.Modules.Cora.csproj", "{F712AA45-2F67-4B29-B945-F9FA00ADBB2F}"
EndProject
Project("{9A19103F-16F7-4668-BE54-9A1E7A4F7556}") = "CloudSuite.Modules.Cora.Application", "src\Modules\CloudSuite.Modules.Cora.Application\CloudSuite.Modules.Cora.Application.csproj", "{1BE0BAF9-F269-47E1-B7ED-CF88141064D7}"
EndProject
Project("{FAE04EC0-301F-11D3-BF4B-00C04F79EFBC}") = "CloudSuite.Modules.Cora.Application.Tests", "test\CloudSuite.Modules.Cora.Application.Tests\CloudSuite.Modules.Cora.Application.Tests.csproj", "{07E2DD54-05C7-4C7E-AAE2-7C8D9A354820}"
EndProject
Global
	GlobalSection(SolutionConfigurationPlatforms) = preSolution
		Debug|Any CPU = Debug|Any CPU
		Release|Any CPU = Release|Any CPU
	EndGlobalSection
	GlobalSection(ProjectConfigurationPlatforms) = postSolution
		{38D5710B-77C0-491F-926D-D460FEFCD384}.Debug|Any CPU.ActiveCfg = Debug|Any CPU
		{38D5710B-77C0-491F-926D-D460FEFCD384}.Debug|Any CPU.Build.0 = Debug|Any CPU
		{38D5710B-77C0-491F-926D-D460FEFCD384}.Release|Any CPU.ActiveCfg = Release|Any CPU
		{38D5710B-77C0-491F-926D-D460FEFCD384}.Release|Any CPU.Build.0 = Release|Any CPU
		{1BC6F06F-8EE8-4079-A6FA-8C952F3A6302}.Debug|Any CPU.ActiveCfg = Debug|Any CPU
		{1BC6F06F-8EE8-4079-A6FA-8C952F3A6302}.Debug|Any CPU.Build.0 = Debug|Any CPU
		{1BC6F06F-8EE8-4079-A6FA-8C952F3A6302}.Release|Any CPU.ActiveCfg = Release|Any CPU
		{1BC6F06F-8EE8-4079-A6FA-8C952F3A6302}.Release|Any CPU.Build.0 = Release|Any CPU
		{D95D3C95-2488-4FD2-A310-77C6C5550DA9}.Debug|Any CPU.ActiveCfg = Debug|Any CPU
		{D95D3C95-2488-4FD2-A310-77C6C5550DA9}.Debug|Any CPU.Build.0 = Debug|Any CPU
		{D95D3C95-2488-4FD2-A310-77C6C5550DA9}.Release|Any CPU.ActiveCfg = Release|Any CPU
		{D95D3C95-2488-4FD2-A310-77C6C5550DA9}.Release|Any CPU.Build.0 = Release|Any CPU
		{B45DD065-07B2-45EB-8049-1BEF7D4B094A}.Debug|Any CPU.ActiveCfg = Debug|Any CPU
		{B45DD065-07B2-45EB-8049-1BEF7D4B094A}.Debug|Any CPU.Build.0 = Debug|Any CPU
		{B45DD065-07B2-45EB-8049-1BEF7D4B094A}.Release|Any CPU.ActiveCfg = Release|Any CPU
		{B45DD065-07B2-45EB-8049-1BEF7D4B094A}.Release|Any CPU.Build.0 = Release|Any CPU
		{F712AA45-2F67-4B29-B945-F9FA00ADBB2F}.Debug|Any CPU.ActiveCfg = Debug|Any CPU
		{F712AA45-2F67-4B29-B945-F9FA00ADBB2F}.Debug|Any CPU.Build.0 = Debug|Any CPU
		{F712AA45-2F67-4B29-B945-F9FA00ADBB2F}.Release|Any CPU.ActiveCfg = Release|Any CPU
		{F712AA45-2F67-4B29-B945-F9FA00ADBB2F}.Release|Any CPU.Build.0 = Release|Any CPU
		{1BE0BAF9-F269-47E1-B7ED-CF88141064D7}.Debug|Any CPU.ActiveCfg = Debug|Any CPU
		{1BE0BAF9-F269-47E1-B7ED-CF88141064D7}.Debug|Any CPU.Build.0 = Debug|Any CPU
		{1BE0BAF9-F269-47E1-B7ED-CF88141064D7}.Release|Any CPU.ActiveCfg = Release|Any CPU
		{1BE0BAF9-F269-47E1-B7ED-CF88141064D7}.Release|Any CPU.Build.0 = Release|Any CPU
		{07E2DD54-05C7-4C7E-AAE2-7C8D9A354820}.Debug|Any CPU.ActiveCfg = Debug|Any CPU
		{07E2DD54-05C7-4C7E-AAE2-7C8D9A354820}.Debug|Any CPU.Build.0 = Debug|Any CPU
		{07E2DD54-05C7-4C7E-AAE2-7C8D9A354820}.Release|Any CPU.ActiveCfg = Release|Any CPU
		{07E2DD54-05C7-4C7E-AAE2-7C8D9A354820}.Release|Any CPU.Build.0 = Release|Any CPU
	EndGlobalSection
	GlobalSection(SolutionProperties) = preSolution
		HideSolutionNode = FALSE
	EndGlobalSection
	GlobalSection(NestedProjects) = preSolution
		{5C990868-E0B0-4994-ACA0-9CA69A202757} = {17D2764D-E903-4F5A-A743-4AD49FA62C7D}
		{771BB9FD-3E28-415A-9F88-06882D2477AB} = {17D2764D-E903-4F5A-A743-4AD49FA62C7D}
		{38D5710B-77C0-491F-926D-D460FEFCD384} = {771BB9FD-3E28-415A-9F88-06882D2477AB}
		{1BC6F06F-8EE8-4079-A6FA-8C952F3A6302} = {771BB9FD-3E28-415A-9F88-06882D2477AB}
		{D95D3C95-2488-4FD2-A310-77C6C5550DA9} = {5C990868-E0B0-4994-ACA0-9CA69A202757}
		{B45DD065-07B2-45EB-8049-1BEF7D4B094A} = {6497CB00-5E25-4DE4-AEBA-3CE2916AF27E}
		{F712AA45-2F67-4B29-B945-F9FA00ADBB2F} = {5C990868-E0B0-4994-ACA0-9CA69A202757}
		{1BE0BAF9-F269-47E1-B7ED-CF88141064D7} = {5C990868-E0B0-4994-ACA0-9CA69A202757}
		{07E2DD54-05C7-4C7E-AAE2-7C8D9A354820} = {6497CB00-5E25-4DE4-AEBA-3CE2916AF27E}
	EndGlobalSection
	GlobalSection(ExtensibilityGlobals) = postSolution
		SolutionGuid = {1A099A47-7532-4AF5-B168-7620A780FA67}
	EndGlobalSection
EndGlobal
