
Microsoft Visual Studio Solution File, Format Version 12.00
# Visual Studio Version 17
VisualStudioVersion = 17.0.31903.59
MinimumVisualStudioVersion = 10.0.40219.1
Project("{2150E333-8FDC-42A3-9474-1A3956D46DE8}") = "src", "src", "{17D2764D-E903-4F5A-A743-4AD49FA62C7D}"
EndProject
Project("{2150E333-8FDC-42A3-9474-1A3956D46DE8}") = "Modules", "Modules", "{5C990868-E0B0-4994-ACA0-9CA69A202757}"
EndProject
Project("{2150E333-8FDC-42A3-9474-1A3956D46DE8}") = "Infrastructure", "Infrastructure", "{771BB9FD-3E28-415A-9F88-06882D2477AB}"
EndProject
Project("{9A19103F-16F7-4668-BE54-9A1E7A4F7556}") = "CloudSuite.Infrastructure", "src\Infrastructure\CloudSuite.Infrastructure\CloudSuite.Infrastructure.csproj", "{38D5710B-77C0-491F-926D-D460FEFCD384}"
EndProject
Project("{9A19103F-16F7-4668-BE54-9A1E7A4F7556}") = "CloudSuite.Infrastructure.CrossCutting", "src\Infrastructure\CloudSuite.Infrastructure.CrossCutting\CloudSuite.Infrastructure.CrossCutting.csproj", "{1BC6F06F-8EE8-4079-A6FA-8C952F3A6302}"
EndProject
Project("{2150E333-8FDC-42A3-9474-1A3956D46DE8}") = "Rest", "Rest", "{31621493-F2A2-445C-8A28-1CEE0CD7D57E}"
EndProject
Project("{9A19103F-16F7-4668-BE54-9A1E7A4F7556}") = "CloudSuite.Services.Core.API", "src\Rest\CloudSuite.Services.Core.API\CloudSuite.Services.Core.API.csproj", "{ADDB1B8F-987E-4BBC-B58C-391692D181C0}"
EndProject
Project("{9A19103F-16F7-4668-BE54-9A1E7A4F7556}") = "CloudSuite.Modules.Common", "src\Modules\CloudSuite.Modules.Common\CloudSuite.Modules.Common.csproj", "{D95D3C95-2488-4FD2-A310-77C6C5550DA9}"
EndProject
Project("{9A19103F-16F7-4668-BE54-9A1E7A4F7556}") = "CloudSuite.Services.Cora.API", "src\Rest\CloudSuite.Services.Cora.API\CloudSuite.Services.Cora.API.csproj", "{994D02FE-C948-4385-B57B-393DB05B792C}"
EndProject
Project("{9A19103F-16F7-4668-BE54-9A1E7A4F7556}") = "CloudSuite.Modules.Core", "src\Modules\CloudSuite.Modules.Core\CloudSuite.Modules.Core.csproj", "{204EB564-F947-4747-8642-651846530AC2}"
EndProject
Project("{9A19103F-16F7-4668-BE54-9A1E7A4F7556}") = "CloudSuite.Modules.Cora", "src\Modules\CloudSuite.Modules.Cora\CloudSuite.Modules.Cora.csproj", "{AFF42647-4C8B-4ED6-A18A-90064620FC63}"
EndProject
Global
	GlobalSection(SolutionConfigurationPlatforms) = preSolution
		Debug|Any CPU = Debug|Any CPU
		Release|Any CPU = Release|Any CPU
	EndGlobalSection
	GlobalSection(ProjectConfigurationPlatforms) = postSolution
		{38D5710B-77C0-491F-926D-D460FEFCD384}.Debug|Any CPU.ActiveCfg = Debug|Any CPU
		{38D5710B-77C0-491F-926D-D460FEFCD384}.Debug|Any CPU.Build.0 = Debug|Any CPU
		{38D5710B-77C0-491F-926D-D460FEFCD384}.Release|Any CPU.ActiveCfg = Release|Any CPU
		{38D5710B-77C0-491F-926D-D460FEFCD384}.Release|Any CPU.Build.0 = Release|Any CPU
		{1BC6F06F-8EE8-4079-A6FA-8C952F3A6302}.Debug|Any CPU.ActiveCfg = Debug|Any CPU
		{1BC6F06F-8EE8-4079-A6FA-8C952F3A6302}.Debug|Any CPU.Build.0 = Debug|Any CPU
		{1BC6F06F-8EE8-4079-A6FA-8C952F3A6302}.Release|Any CPU.ActiveCfg = Release|Any CPU
		{1BC6F06F-8EE8-4079-A6FA-8C952F3A6302}.Release|Any CPU.Build.0 = Release|Any CPU
		{ADDB1B8F-987E-4BBC-B58C-391692D181C0}.Debug|Any CPU.ActiveCfg = Debug|Any CPU
		{ADDB1B8F-987E-4BBC-B58C-391692D181C0}.Debug|Any CPU.Build.0 = Debug|Any CPU
		{ADDB1B8F-987E-4BBC-B58C-391692D181C0}.Release|Any CPU.ActiveCfg = Release|Any CPU
		{ADDB1B8F-987E-4BBC-B58C-391692D181C0}.Release|Any CPU.Build.0 = Release|Any CPU
		{D95D3C95-2488-4FD2-A310-77C6C5550DA9}.Debug|Any CPU.ActiveCfg = Debug|Any CPU
		{D95D3C95-2488-4FD2-A310-77C6C5550DA9}.Debug|Any CPU.Build.0 = Debug|Any CPU
		{D95D3C95-2488-4FD2-A310-77C6C5550DA9}.Release|Any CPU.ActiveCfg = Release|Any CPU
		{D95D3C95-2488-4FD2-A310-77C6C5550DA9}.Release|Any CPU.Build.0 = Release|Any CPU
		{994D02FE-C948-4385-B57B-393DB05B792C}.Debug|Any CPU.ActiveCfg = Debug|Any CPU
		{994D02FE-C948-4385-B57B-393DB05B792C}.Debug|Any CPU.Build.0 = Debug|Any CPU
		{994D02FE-C948-4385-B57B-393DB05B792C}.Release|Any CPU.ActiveCfg = Release|Any CPU
		{994D02FE-C948-4385-B57B-393DB05B792C}.Release|Any CPU.Build.0 = Release|Any CPU
		{204EB564-F947-4747-8642-651846530AC2}.Debug|Any CPU.ActiveCfg = Debug|Any CPU
		{204EB564-F947-4747-8642-651846530AC2}.Debug|Any CPU.Build.0 = Debug|Any CPU
		{204EB564-F947-4747-8642-651846530AC2}.Release|Any CPU.ActiveCfg = Release|Any CPU
		{204EB564-F947-4747-8642-651846530AC2}.Release|Any CPU.Build.0 = Release|Any CPU
		{AFF42647-4C8B-4ED6-A18A-90064620FC63}.Debug|Any CPU.ActiveCfg = Debug|Any CPU
		{AFF42647-4C8B-4ED6-A18A-90064620FC63}.Debug|Any CPU.Build.0 = Debug|Any CPU
		{AFF42647-4C8B-4ED6-A18A-90064620FC63}.Release|Any CPU.ActiveCfg = Release|Any CPU
		{AFF42647-4C8B-4ED6-A18A-90064620FC63}.Release|Any CPU.Build.0 = Release|Any CPU
	EndGlobalSection
	GlobalSection(SolutionProperties) = preSolution
		HideSolutionNode = FALSE
	EndGlobalSection
	GlobalSection(NestedProjects) = preSolution
		{5C990868-E0B0-4994-ACA0-9CA69A202757} = {17D2764D-E903-4F5A-A743-4AD49FA62C7D}
		{771BB9FD-3E28-415A-9F88-06882D2477AB} = {17D2764D-E903-4F5A-A743-4AD49FA62C7D}
		{38D5710B-77C0-491F-926D-D460FEFCD384} = {771BB9FD-3E28-415A-9F88-06882D2477AB}
		{1BC6F06F-8EE8-4079-A6FA-8C952F3A6302} = {771BB9FD-3E28-415A-9F88-06882D2477AB}
		{31621493-F2A2-445C-8A28-1CEE0CD7D57E} = {17D2764D-E903-4F5A-A743-4AD49FA62C7D}
		{ADDB1B8F-987E-4BBC-B58C-391692D181C0} = {31621493-F2A2-445C-8A28-1CEE0CD7D57E}
		{D95D3C95-2488-4FD2-A310-77C6C5550DA9} = {5C990868-E0B0-4994-ACA0-9CA69A202757}
		{994D02FE-C948-4385-B57B-393DB05B792C} = {31621493-F2A2-445C-8A28-1CEE0CD7D57E}
		{204EB564-F947-4747-8642-651846530AC2} = {5C990868-E0B0-4994-ACA0-9CA69A202757}
		{AFF42647-4C8B-4ED6-A18A-90064620FC63} = {5C990868-E0B0-4994-ACA0-9CA69A202757}
	EndGlobalSection
	GlobalSection(ExtensibilityGlobals) = postSolution
		SolutionGuid = {1A099A47-7532-4AF5-B168-7620A780FA67}
	EndGlobalSection
EndGlobal
