
Microsoft Visual Studio Solution File, Format Version 12.00
# Visual Studio 15
VisualStudioVersion = 15.0.26124.0
MinimumVisualStudioVersion = 15.0.26124.0
Project("{2150E333-8FDC-42A3-9474-1A3956D46DE8}") = "src", "src", "{D9A0E6AE-202C-4413-A596-DB57189D871C}"
EndProject
Project("{2150E333-8FDC-42A3-9474-1A3956D46DE8}") = "tests", "tests", "{02E0EBDA-806B-466D-84FB-3C39B64474E5}"
EndProject
Project("{FAE04EC0-301F-11D3-BF4B-00C04F79EFBC}") = "NotaFiscalNet.Core", "src\NotaFiscalNet.Core\NotaFiscalNet.Core.csproj", "{BA3871EB-43F8-4A7F-92AA-4E289F3D30CC}"
EndProject
Project("{FAE04EC0-301F-11D3-BF4B-00C04F79EFBC}") = "NotaFiscalNet.Core.Tests", "tests\NotaFiscalNet.Core.Tests\NotaFiscalNet.Core.Tests.csproj", "{953AD788-F7C8-4E61-B85D-A7E6DE5AEC15}"
EndProject
Global
	GlobalSection(SolutionConfigurationPlatforms) = preSolution
		Debug|Any CPU = Debug|Any CPU
		Debug|x64 = Debug|x64
		Debug|x86 = Debug|x86
		Release|Any CPU = Release|Any CPU
		Release|x64 = Release|x64
		Release|x86 = Release|x86
	EndGlobalSection
	GlobalSection(SolutionProperties) = preSolution
		HideSolutionNode = FALSE
	EndGlobalSection
	GlobalSection(NestedProjects) = preSolution
		{BA3871EB-43F8-4A7F-92AA-4E289F3D30CC} = {D9A0E6AE-202C-4413-A596-DB57189D871C}
		{953AD788-F7C8-4E61-B85D-A7E6DE5AEC15} = {02E0EBDA-806B-466D-84FB-3C39B64474E5}
	EndGlobalSection
	GlobalSection(ProjectConfigurationPlatforms) = postSolution
		{BA3871EB-43F8-4A7F-92AA-4E289F3D30CC}.Debug|Any CPU.ActiveCfg = Debug|Any CPU
		{BA3871EB-43F8-4A7F-92AA-4E289F3D30CC}.Debug|Any CPU.Build.0 = Debug|Any CPU
		{BA3871EB-43F8-4A7F-92AA-4E289F3D30CC}.Debug|x64.ActiveCfg = Debug|Any CPU
		{BA3871EB-43F8-4A7F-92AA-4E289F3D30CC}.Debug|x64.Build.0 = Debug|Any CPU
		{BA3871EB-43F8-4A7F-92AA-4E289F3D30CC}.Debug|x86.ActiveCfg = Debug|Any CPU
		{BA3871EB-43F8-4A7F-92AA-4E289F3D30CC}.Debug|x86.Build.0 = Debug|Any CPU
		{BA3871EB-43F8-4A7F-92AA-4E289F3D30CC}.Release|Any CPU.ActiveCfg = Release|Any CPU
		{BA3871EB-43F8-4A7F-92AA-4E289F3D30CC}.Release|Any CPU.Build.0 = Release|Any CPU
		{BA3871EB-43F8-4A7F-92AA-4E289F3D30CC}.Release|x64.ActiveCfg = Release|Any CPU
		{BA3871EB-43F8-4A7F-92AA-4E289F3D30CC}.Release|x64.Build.0 = Release|Any CPU
		{BA3871EB-43F8-4A7F-92AA-4E289F3D30CC}.Release|x86.ActiveCfg = Release|Any CPU
		{BA3871EB-43F8-4A7F-92AA-4E289F3D30CC}.Release|x86.Build.0 = Release|Any CPU
		{953AD788-F7C8-4E61-B85D-A7E6DE5AEC15}.Debug|Any CPU.ActiveCfg = Debug|Any CPU
		{953AD788-F7C8-4E61-B85D-A7E6DE5AEC15}.Debug|Any CPU.Build.0 = Debug|Any CPU
		{953AD788-F7C8-4E61-B85D-A7E6DE5AEC15}.Debug|x64.ActiveCfg = Debug|Any CPU
		{953AD788-F7C8-4E61-B85D-A7E6DE5AEC15}.Debug|x64.Build.0 = Debug|Any CPU
		{953AD788-F7C8-4E61-B85D-A7E6DE5AEC15}.Debug|x86.ActiveCfg = Debug|Any CPU
		{953AD788-F7C8-4E61-B85D-A7E6DE5AEC15}.Debug|x86.Build.0 = Debug|Any CPU
		{953AD788-F7C8-4E61-B85D-A7E6DE5AEC15}.Release|Any CPU.ActiveCfg = Release|Any CPU
		{953AD788-F7C8-4E61-B85D-A7E6DE5AEC15}.Release|Any CPU.Build.0 = Release|Any CPU
		{953AD788-F7C8-4E61-B85D-A7E6DE5AEC15}.Release|x64.ActiveCfg = Release|Any CPU
		{953AD788-F7C8-4E61-B85D-A7E6DE5AEC15}.Release|x64.Build.0 = Release|Any CPU
		{953AD788-F7C8-4E61-B85D-A7E6DE5AEC15}.Release|x86.ActiveCfg = Release|Any CPU
		{953AD788-F7C8-4E61-B85D-A7E6DE5AEC15}.Release|x86.Build.0 = Release|Any CPU
	EndGlobalSection
EndGlobal
